
Microsoft Visual Studio Solution File, Format Version 12.00
# Visual Studio Version 16
VisualStudioVersion = 16.0.31321.278
MinimumVisualStudioVersion = 10.0.40219.1
Project("{FAE04EC0-301F-11D3-BF4B-00C04F79EFBC}") = "GitTraining", "GitTraining.csproj", "{717FCB42-94E0-4F4A-95B1-56958C150C3F}"
EndProject
Global
	GlobalSection(SolutionConfigurationPlatforms) = preSolution
		Debug|Any CPU = Debug|Any CPU
		Release|Any CPU = Release|Any CPU
	EndGlobalSection
	GlobalSection(ProjectConfigurationPlatforms) = postSolution
		{717FCB42-94E0-4F4A-95B1-56958C150C3F}.Debug|Any CPU.ActiveCfg = Debug|Any CPU
		{717FCB42-94E0-4F4A-95B1-56958C150C3F}.Debug|Any CPU.Build.0 = Debug|Any CPU
		{717FCB42-94E0-4F4A-95B1-56958C150C3F}.Release|Any CPU.ActiveCfg = Release|Any CPU
		{717FCB42-94E0-4F4A-95B1-56958C150C3F}.Release|Any CPU.Build.0 = Release|Any CPU
	EndGlobalSection
	GlobalSection(SolutionProperties) = preSolution
		HideSolutionNode = FALSE
	EndGlobalSection
	GlobalSection(ExtensibilityGlobals) = postSolution
		SolutionGuid = {B1F31AEA-5DA8-4F54-8D03-65A7AE6EFF02}
	EndGlobalSection
EndGlobal
